
Microsoft Visual Studio Solution File, Format Version 12.00
# Visual Studio 15
VisualStudioVersion = 15.0.28010.2019
MinimumVisualStudioVersion = 10.0.40219.1
Project("{9A19103F-16F7-4668-BE54-9A1E7A4F7556}") = "aspnetcore-angular-ad", "aspnetcore-angular-ad\aspnetcore-angular-ad.csproj", "{E78BCFA9-4161-4918-95D9-2C73C9BDCB56}"
EndProject
Project("{2150E333-8FDC-42A3-9474-1A3956D46DE8}") = "Solution Items", "Solution Items", "{D7FD4606-507F-40D9-B8D6-2A609C0407C0}"
	ProjectSection(SolutionItems) = preProject
		LICENSE = LICENSE
		readme.md = readme.md
	EndProjectSection
EndProject
Project("{FAE04EC0-301F-11D3-BF4B-00C04F79EFBC}") = "CodeGenerator", "CodeGenerator\CodeGenerator.csproj", "{804BCAA3-5B88-4B6F-A379-CB2B20A4C4A0}"
EndProject
Global
	GlobalSection(SolutionConfigurationPlatforms) = preSolution
		Debug|Any CPU = Debug|Any CPU
		Release|Any CPU = Release|Any CPU
	EndGlobalSection
	GlobalSection(ProjectConfigurationPlatforms) = postSolution
		{E78BCFA9-4161-4918-95D9-2C73C9BDCB56}.Debug|Any CPU.ActiveCfg = Debug|Any CPU
		{E78BCFA9-4161-4918-95D9-2C73C9BDCB56}.Debug|Any CPU.Build.0 = Debug|Any CPU
		{E78BCFA9-4161-4918-95D9-2C73C9BDCB56}.Release|Any CPU.ActiveCfg = Release|Any CPU
		{E78BCFA9-4161-4918-95D9-2C73C9BDCB56}.Release|Any CPU.Build.0 = Release|Any CPU
		{804BCAA3-5B88-4B6F-A379-CB2B20A4C4A0}.Debug|Any CPU.ActiveCfg = Debug|Any CPU
		{804BCAA3-5B88-4B6F-A379-CB2B20A4C4A0}.Debug|Any CPU.Build.0 = Debug|Any CPU
		{804BCAA3-5B88-4B6F-A379-CB2B20A4C4A0}.Release|Any CPU.ActiveCfg = Release|Any CPU
		{804BCAA3-5B88-4B6F-A379-CB2B20A4C4A0}.Release|Any CPU.Build.0 = Release|Any CPU
	EndGlobalSection
	GlobalSection(SolutionProperties) = preSolution
		HideSolutionNode = FALSE
	EndGlobalSection
	GlobalSection(ExtensibilityGlobals) = postSolution
		SolutionGuid = {099249EC-2F7D-42DB-8E00-45BFDE141910}
	EndGlobalSection
EndGlobal
